#MicroXplorer Configuration settings - do not modify
ADC1.Channel-0\#ChannelRegularConversion=ADC_CHANNEL_6
ADC1.IPParameters=Rank-0\#ChannelRegularConversion,master,Channel-0\#ChannelRegularConversion,SamplingTime-0\#ChannelRegularConversion,NbrOfConversionFlag
ADC1.NbrOfConversionFlag=1
ADC1.Rank-0\#ChannelRegularConversion=1
ADC1.SamplingTime-0\#ChannelRegularConversion=ADC_SAMPLETIME_3CYCLES
ADC1.master=1
File.Version=6
GPIO.groupedBy=
KeepUserPlacement=false
Mcu.Family=STM32F4
Mcu.IP0=ADC1
Mcu.IP1=I2C1
Mcu.IP10=TIM2
Mcu.IP11=UART8
Mcu.IP12=USART3
Mcu.IP13=USART6
Mcu.IP14=USB_OTG_FS
Mcu.IP2=I2C2
Mcu.IP3=I2C3
Mcu.IP4=NVIC
Mcu.IP5=RCC
Mcu.IP6=SPI2
Mcu.IP7=SPI4
Mcu.IP8=SPI5
Mcu.IP9=SYS
Mcu.IPNb=15
Mcu.Name=STM32F437Z(G-I)Tx
Mcu.Package=LQFP144
Mcu.Pin0=PE2
Mcu.Pin1=PC14/OSC32_IN
Mcu.Pin10=PC1
Mcu.Pin11=PC2
Mcu.Pin12=PC3
Mcu.Pin13=PA2
Mcu.Pin14=PA3
Mcu.Pin15=PA6
Mcu.Pin16=PC5
Mcu.Pin17=PB1
Mcu.Pin18=PF13
Mcu.Pin19=PF14
Mcu.Pin2=PC15/OSC32_OUT
Mcu.Pin20=PF15
Mcu.Pin21=PG0
Mcu.Pin22=PG1
Mcu.Pin23=PE7
Mcu.Pin24=PE9
Mcu.Pin25=PE10
Mcu.Pin26=PE11
Mcu.Pin27=PE12
Mcu.Pin28=PE13
Mcu.Pin29=PE14
Mcu.Pin3=PF7
Mcu.Pin30=PE15
Mcu.Pin31=PB10
Mcu.Pin32=PB11
Mcu.Pin33=PB12
Mcu.Pin34=PB13
Mcu.Pin35=PB14
Mcu.Pin36=PB15
Mcu.Pin37=PD8
Mcu.Pin38=PD9
Mcu.Pin39=PD10
Mcu.Pin4=PF8
Mcu.Pin40=PD11
Mcu.Pin41=PD12
Mcu.Pin42=PD13
Mcu.Pin43=PD14
Mcu.Pin44=PD15
Mcu.Pin45=PG2
Mcu.Pin46=PG3
Mcu.Pin47=PG4
Mcu.Pin48=PG5
Mcu.Pin49=PG6
Mcu.Pin5=PF9
Mcu.Pin50=PG7
Mcu.Pin51=PG8
Mcu.Pin52=PC6
Mcu.Pin53=PC7
Mcu.Pin54=PC8
Mcu.Pin55=PC9
Mcu.Pin56=PA8
Mcu.Pin57=PA9
Mcu.Pin58=PA11
Mcu.Pin59=PA12
Mcu.Pin6=PF10
Mcu.Pin60=PA13
Mcu.Pin61=PA14
Mcu.Pin62=PC12
Mcu.Pin63=PD4
Mcu.Pin64=PD5
Mcu.Pin65=PD6
Mcu.Pin66=PD7
Mcu.Pin67=PG9
Mcu.Pin68=PG10
Mcu.Pin69=PG11
Mcu.Pin7=PH0/OSC_IN
Mcu.Pin70=PG12
Mcu.Pin71=PG13
Mcu.Pin72=PG14
Mcu.Pin73=PB3
Mcu.Pin74=PB8
Mcu.Pin75=PB9
Mcu.Pin76=PE0
Mcu.Pin77=PE1
Mcu.Pin78=VP_SYS_VS_tim6
Mcu.Pin8=PH1/OSC_OUT
Mcu.Pin9=PC0
Mcu.PinsNb=79
Mcu.ThirdPartyNb=0
Mcu.UserConstants=
Mcu.UserName=STM32F437ZITx
MxCube.Version=6.3.0
MxDb.Version=DB.6.0.30
NVIC.BusFault_IRQn=true\:0\:0\:false\:false\:true\:false\:false
NVIC.DebugMonitor_IRQn=true\:0\:0\:false\:false\:true\:false\:false
NVIC.ForceEnableDMAVector=true
NVIC.HardFault_IRQn=true\:0\:0\:false\:false\:true\:false\:false
NVIC.MemoryManagement_IRQn=true\:0\:0\:false\:false\:true\:false\:false
NVIC.NonMaskableInt_IRQn=true\:0\:0\:false\:false\:true\:false\:false
NVIC.PendSV_IRQn=true\:0\:0\:false\:false\:true\:false\:false
NVIC.PriorityGroup=NVIC_PRIORITYGROUP_4
NVIC.SVCall_IRQn=true\:0\:0\:false\:false\:true\:false\:false
NVIC.SysTick_IRQn=true\:15\:0\:false\:false\:true\:false\:true
NVIC.TIM6_DAC_IRQn=true\:15\:0\:false\:false\:true\:false\:true
NVIC.TimeBase=TIM6_DAC_IRQn
NVIC.TimeBaseIP=TIM6
NVIC.UsageFault_IRQn=true\:0\:0\:false\:false\:true\:false\:false
PA11.Mode=Device_Only
PA11.Signal=USB_OTG_FS_DM
PA12.Mode=Device_Only
PA12.Signal=USB_OTG_FS_DP
PA13.Mode=Trace_Asynchronous_SW
PA13.Signal=SYS_JTMS-SWDIO
PA14.Mode=Trace_Asynchronous_SW
PA14.Signal=SYS_JTCK-SWCLK
PA2.GPIOParameters=GPIO_Label
PA2.GPIO_Label=Buzzer
PA2.Locked=true
PA2.Signal=S_TIM2_CH3
PA3.GPIOParameters=GPIO_Label
PA3.GPIO_Label=OUT_LEDF
PA3.Locked=true
PA3.Signal=GPIO_Output
PA6.GPIOParameters=GPIO_Label
PA6.GPIO_Label=ADC1_IN6_PropulsionPressureTransducer
PA6.Locked=true
PA6.Signal=ADCx_IN6
PA8.GPIOParameters=GPIO_Pu
PA8.GPIO_Pu=GPIO_PULLUP
PA8.Locked=true
PA8.Mode=I2C
PA8.Signal=I2C3_SCL
PA9.Mode=Activate_VBUS
PA9.Signal=USB_OTG_FS_VBUS
PB1.GPIOParameters=GPIO_Label
PB1.GPIO_Label=IN_Prop_ActuatedVent_Feedback
PB1.Locked=true
PB1.Signal=GPIO_Input
PB10.GPIOParameters=GPIO_Pu
PB10.GPIO_Pu=GPIO_PULLUP
PB10.Locked=true
PB10.Mode=I2C
PB10.Signal=I2C2_SCL
PB11.GPIOParameters=GPIO_Pu
PB11.GPIO_Pu=GPIO_PULLUP
PB11.Locked=true
PB11.Mode=I2C
PB11.Signal=I2C2_SDA
PB12.GPIOParameters=GPIO_Label
PB12.GPIO_Label=SPI2_SX_CS
PB12.Locked=true
PB12.Signal=GPIO_Output
PB13.Locked=true
PB13.Mode=Full_Duplex_Master
PB13.Signal=SPI2_SCK
PB14.Locked=true
PB14.Mode=Full_Duplex_Master
PB14.Signal=SPI2_MISO
PB15.Locked=true
PB15.Mode=Full_Duplex_Master
PB15.Signal=SPI2_MOSI
PB3.Mode=Trace_Asynchronous_SW
PB3.Signal=SYS_JTDO-SWO
PB8.GPIOParameters=GPIO_Pu
PB8.GPIO_Pu=GPIO_PULLUP
PB8.Locked=true
PB8.Mode=I2C
PB8.Signal=I2C1_SCL
PB9.GPIOParameters=GPIO_Pu
PB9.GPIO_Pu=GPIO_PULLUP
PB9.Locked=true
PB9.Mode=I2C
PB9.Signal=I2C1_SDA
PC0.GPIOParameters=GPIO_Label
PC0.GPIO_Label=IN_Button
PC0.Locked=true
PC0.Signal=GPXTI0
PC1.GPIOParameters=GPIO_Label
PC1.GPIO_Label=OUT_LED1
PC1.Locked=true
PC1.Signal=GPIO_Output
PC12.GPIOParameters=GPIO_Label
PC12.GPIO_Label=IN_SD_CARD_DETECT
PC12.Locked=true
PC12.Signal=GPIO_Input
PC14/OSC32_IN.Mode=LSE-External-Oscillator
PC14/OSC32_IN.Signal=RCC_OSC32_IN
PC15/OSC32_OUT.Mode=LSE-External-Oscillator
PC15/OSC32_OUT.Signal=RCC_OSC32_OUT
PC2.GPIOParameters=GPIO_Label
PC2.GPIO_Label=OUT_LED2
PC2.Locked=true
PC2.Signal=GPIO_Output
PC3.GPIOParameters=GPIO_Label
PC3.GPIO_Label=OUT_LED3
PC3.Locked=true
PC3.Signal=GPIO_Output
PC5.GPIOParameters=GPIO_Label
PC5.GPIO_Label=IN_Prop_PyroTurboValve_LimitSwitch
PC5.Locked=true
PC5.Signal=GPIO_Input
PC6.GPIOParameters=GPIO_Label
PC6.GPIO_Label=USART6_TX_GPS
PC6.Locked=true
PC6.Mode=Asynchronous
PC6.Signal=USART6_TX
PC7.GPIOParameters=GPIO_Label
PC7.GPIO_Label=USART6_RX_GPS
PC7.Locked=true
PC7.Mode=Asynchronous
PC7.Signal=USART6_RX
PC8.GPIOParameters=GPIO_Label
PC8.GPIO_Label=SX_AMPLIFIER
PC8.Locked=true
PC8.Signal=GPIO_Output
PC9.GPIOParameters=GPIO_Pu
PC9.GPIO_Pu=GPIO_PULLUP
PC9.Locked=true
PC9.Mode=I2C
PC9.Signal=I2C3_SDA
PD10.GPIOParameters=GPIO_Label
PD10.GPIO_Label=XTend_CTS
PD10.Locked=true
PD10.Signal=GPIO_Output
PD11.GPIOParameters=GPIO_Label
PD11.GPIO_Label=XTend_RTS
PD11.Locked=true
PD11.Signal=GPIO_Output
PD12.GPIOParameters=GPIO_Label
PD12.GPIO_Label=XTend_SLEEP
PD12.Locked=true
PD12.Signal=GPIO_Output
PD13.GPIOParameters=GPIO_Label
PD13.GPIO_Label=XTend_RX_LED
PD13.Locked=true
PD13.Signal=GPIO_Output
PD14.GPIOParameters=GPIO_Label
PD14.GPIO_Label=XTend_TX_PWR
PD14.Locked=true
PD14.Signal=GPIO_Output
PD15.GPIOParameters=GPIO_Label
PD15.GPIO_Label=SX_BANDPASS_FILTER
PD15.Locked=true
PD15.Signal=GPIO_Input
PD4.GPIOParameters=GPIO_Label
PD4.GPIO_Label=OUT_FLASH_IO3
PD4.Locked=true
PD4.Signal=GPIO_Output
PD5.GPIOParameters=GPIO_Label
PD5.GPIO_Label=OUT_FLASH_WP
PD5.Locked=true
PD5.Signal=GPIO_Output
PD6.GPIOParameters=GPIO_Label
PD6.GPIO_Label=OUT_FLASH_CS
PD6.Locked=true
PD6.Signal=GPIO_Output
PD7.GPIOParameters=GPIO_Label
PD7.GPIO_Label=OUT_VR_REC
PD7.Locked=true
PD7.Signal=GPIO_Output
PD8.GPIOParameters=GPIO_Label
PD8.GPIO_Label=USART3_TX_XTend
PD8.Locked=true
PD8.Mode=Asynchronous
PD8.Signal=USART3_TX
PD9.GPIOParameters=GPIO_Label
PD9.GPIO_Label=USART3_RX_XTend
PD9.Locked=true
PD9.Mode=Asynchronous
PD9.Signal=USART3_RX
PE0.GPIOParameters=GPIO_Label
PE0.GPIO_Label=UART8_RX_Debug
PE0.Locked=true
PE0.Mode=Asynchronous
PE0.Signal=UART8_RX
PE1.GPIOParameters=GPIO_Label
PE1.GPIO_Label=UART8_TX_Debug
PE1.Locked=true
PE1.Mode=Asynchronous
PE1.Signal=UART8_TX
PE10.GPIOParameters=GPIO_Label
PE10.GPIO_Label=SPI4_CS_Thermocouple
PE10.Locked=true
PE10.Signal=GPIO_Output
PE11.GPIOParameters=GPIO_Label
PE11.GPIO_Label=IN_XTend_Continuity
PE11.Locked=true
PE11.Signal=GPIO_Input
PE12.Locked=true
PE12.Mode=Full_Duplex_Master
PE12.Signal=SPI4_SCK
PE13.Locked=true
PE13.Mode=Full_Duplex_Master
PE13.Signal=SPI4_MISO
PE14.Locked=true
PE14.Mode=Full_Duplex_Master
PE14.Signal=SPI4_MOSI
PE15.GPIOParameters=GPIO_Label
PE15.GPIO_Label=Iridium_RST
PE15.Locked=true
PE15.Signal=GPIO_Output
PE2.GPIOParameters=GPIO_Label
PE2.GPIO_Label=EN_12V_Buck
PE2.Locked=true
PE2.Signal=GPIO_Output
PE7.GPIOParameters=GPIO_Label
PE7.GPIO_Label=OUT_Prop_ActuatedVent_Gate
PE7.Locked=true
PE7.Signal=GPIO_Output
PE9.GPIOParameters=GPIO_Label
PE9.GPIO_Label=PAYLOAD_I2C_EN
PE9.Locked=true
PE9.Signal=GPIO_Input
PF10.GPIOParameters=GPIO_Label
PF10.GPIO_Label=SPI5_SD_CS
PF10.Locked=true
PF10.Signal=GPIO_Output
PF13.GPIOParameters=GPIO_Label
PF13.GPIO_Label=IN_PyroValve_Cont_2
PF13.Locked=true
PF13.Signal=GPIO_Input
PF14.GPIOParameters=GPIO_Label
PF14.GPIO_Label=OUT_PyroValve_Gate_2
PF14.Locked=true
PF14.Signal=GPIO_Output
PF15.GPIOParameters=GPIO_Label
PF15.GPIO_Label=OUT_PyroValve_Gate_1
PF15.Locked=true
PF15.Signal=GPIO_Output
PF7.Locked=true
PF7.Mode=Full_Duplex_Master
PF7.Signal=SPI5_SCK
PF8.Locked=true
PF8.Mode=Full_Duplex_Master
PF8.Signal=SPI5_MISO
PF9.Locked=true
PF9.Mode=Full_Duplex_Master
PF9.Signal=SPI5_MOSI
PG0.GPIOParameters=GPIO_Label
PG0.GPIO_Label=IN_PyroValve_Cont_1
PG0.Locked=true
PG0.Signal=GPIO_Input
PG1.GPIOParameters=GPIO_Label
PG1.GPIO_Label=OUT_PyroValve_Arming
PG1.Locked=true
PG1.Signal=GPIO_Output
PG10.GPIOParameters=GPIO_Label
PG10.GPIO_Label=IN_EJ_Main_Cont
PG10.Locked=true
PG10.Signal=GPIO_Input
PG11.GPIOParameters=GPIO_Label
PG11.GPIO_Label=OUT_EJ_Main_Gate
PG11.Locked=true
PG11.Signal=GPIO_Output
PG12.GPIOParameters=GPIO_Label
PG12.GPIO_Label=OUT_EJ_Drogue_Gate
PG12.Locked=true
PG12.Signal=GPIO_Output
PG13.GPIOParameters=GPIO_Label
PG13.GPIO_Label=IN_EJ_Drogue_Cont
PG13.Locked=true
PG13.Signal=GPIO_Input
PG14.GPIOParameters=GPIO_Label
PG14.GPIO_Label=OUT_EJ_Arming
PG14.Locked=true
PG14.Signal=GPIO_Output
PG2.GPIOParameters=GPIO_Label
PG2.GPIO_Label=SX_RST
PG2.Locked=true
PG2.Signal=GPIO_Output
PG3.GPIOParameters=GPIO_Label
PG3.GPIO_Label=SX_BUSY
PG3.Locked=true
PG3.Signal=GPIO_Output
PG4.GPIOParameters=GPIO_Label
PG4.GPIO_Label=SX_DIO
PG4.Locked=true
PG4.Signal=GPIO_Output
PG5.GPIOParameters=GPIO_Label
PG5.GPIO_Label=SX_RF_SW
PG5.Locked=true
PG5.Signal=GPIO_Output
PG6.GPIOParameters=GPIO_Label
PG6.GPIO_Label=EXTI_LPS22HH_DRDY
PG6.Locked=true
PG6.Signal=GPXTI6
PG7.GPIOParameters=GPIO_Label
PG7.GPIO_Label=EXTI_ISM330DCL_INT2
PG7.Locked=true
PG7.Signal=GPXTI7
PG8.GPIOParameters=GPIO_Label
PG8.GPIO_Label=EXTI_ISM330DLC_INT1
PG8.Locked=true
PG8.Signal=GPXTI8
PG9.GPIOParameters=GPIO_Label
PG9.GPIO_Label=OUT_VR_PWR
PG9.Locked=true
PG9.Signal=GPIO_Output
PH0/OSC_IN.Mode=HSE-External-Oscillator
PH0/OSC_IN.Signal=RCC_OSC_IN
PH1/OSC_OUT.Mode=HSE-External-Oscillator
PH1/OSC_OUT.Signal=RCC_OSC_OUT
PinOutPanel.RotationAngle=0
ProjectManager.AskForMigrate=true
ProjectManager.BackupPrevious=false
ProjectManager.CompilerOptimize=6
ProjectManager.ComputerToolchain=false
ProjectManager.CoupleFile=false
ProjectManager.CustomerFirmwarePackage=
ProjectManager.DefaultFWLocation=true
ProjectManager.DeletePrevious=true
ProjectManager.DeviceId=STM32F437ZITx
ProjectManager.FirmwarePackage=STM32Cube FW_F4 V1.26.2
ProjectManager.FreePins=false
ProjectManager.HalAssertFull=false
ProjectManager.HeapSize=0x200
ProjectManager.KeepUserCode=true
ProjectManager.LastFirmware=true
ProjectManager.LibraryCopy=1
ProjectManager.MainLocation=Core/Src
ProjectManager.NoMain=false
ProjectManager.PreviousToolchain=STM32CubeIDE
ProjectManager.ProjectBuild=false
ProjectManager.ProjectFileName=FCV4.3 Pinout F437ZI.ioc
ProjectManager.ProjectName=FCV4.3 Pinout F437ZI
ProjectManager.RegisterCallBack=
ProjectManager.StackSize=0x400
ProjectManager.TargetToolchain=STM32CubeIDE
ProjectManager.ToolChainLocation=
ProjectManager.UnderRoot=true
ProjectManager.functionlistsort=1-MX_GPIO_Init-GPIO-false-HAL-true,2-SystemClock_Config-RCC-false-HAL-false,3-MX_ADC1_Init-ADC1-false-HAL-true,4-MX_I2C1_Init-I2C1-false-HAL-true,5-MX_I2C2_Init-I2C2-false-HAL-true,6-MX_I2C3_Init-I2C3-false-HAL-true,7-MX_SPI2_Init-SPI2-false-HAL-true,8-MX_SPI4_Init-SPI4-false-HAL-true,9-MX_SPI5_Init-SPI5-false-HAL-true,10-MX_TIM2_Init-TIM2-false-HAL-true,11-MX_UART8_Init-UART8-false-HAL-true,12-MX_USART3_UART_Init-USART3-false-HAL-true,13-MX_USART6_UART_Init-USART6-false-HAL-true,14-MX_USB_OTG_FS_PCD_Init-USB_OTG_FS-false-HAL-true
RCC.48MHZClocksFreq_Value=48000000
RCC.AHBFreq_Value=16000000
RCC.APB1Freq_Value=16000000
RCC.APB2Freq_Value=16000000
RCC.CortexFreq_Value=16000000
RCC.FamilyName=M
RCC.HSE_VALUE=16000000
RCC.HSI_VALUE=16000000
RCC.I2SClocksFreq_Value=96000000
RCC.IPParameters=48MHZClocksFreq_Value,AHBFreq_Value,APB1Freq_Value,APB2Freq_Value,CortexFreq_Value,FamilyName,HSE_VALUE,HSI_VALUE,I2SClocksFreq_Value,LSI_VALUE,PLLCLKFreq_Value,PLLQCLKFreq_Value,RTCFreq_Value,RTCHSEDivFreq_Value,SAI_AClocksFreq_Value,SAI_BClocksFreq_Value,SYSCLKFreq_VALUE,VCOI2SOutputFreq_Value,VCOInputFreq_Value,VCOOutputFreq_Value,VCOSAIOutputFreq_Value,VCOSAIOutputFreq_ValueQ,VcooutputI2S,VcooutputI2SQ
RCC.LSI_VALUE=32000
RCC.PLLCLKFreq_Value=96000000
RCC.PLLQCLKFreq_Value=48000000
RCC.RTCFreq_Value=32000
RCC.RTCHSEDivFreq_Value=8000000
RCC.SAI_AClocksFreq_Value=12250000
RCC.SAI_BClocksFreq_Value=12250000
RCC.SYSCLKFreq_VALUE=16000000
RCC.VCOI2SOutputFreq_Value=192000000
RCC.VCOInputFreq_Value=1000000
RCC.VCOOutputFreq_Value=192000000
RCC.VCOSAIOutputFreq_Value=49000000
RCC.VCOSAIOutputFreq_ValueQ=12250000
RCC.VcooutputI2S=96000000
RCC.VcooutputI2SQ=96000000
SH.ADCx_IN6.0=ADC1_IN6,IN6
SH.ADCx_IN6.ConfNb=1
SH.GPXTI0.0=GPIO_EXTI0
SH.GPXTI0.ConfNb=1
SH.GPXTI6.0=GPIO_EXTI6
SH.GPXTI6.ConfNb=1
SH.GPXTI7.0=GPIO_EXTI7
SH.GPXTI7.ConfNb=1
SH.GPXTI8.0=GPIO_EXTI8
SH.GPXTI8.ConfNb=1
SH.S_TIM2_CH3.0=TIM2_CH3,PWM Generation3 CH3
SH.S_TIM2_CH3.ConfNb=1
SPI2.CalculateBaudRate=8.0 MBits/s
SPI2.Direction=SPI_DIRECTION_2LINES
SPI2.IPParameters=VirtualType,Mode,Direction,CalculateBaudRate
SPI2.Mode=SPI_MODE_MASTER
SPI2.VirtualType=VM_MASTER
SPI4.CalculateBaudRate=8.0 MBits/s
SPI4.Direction=SPI_DIRECTION_2LINES
SPI4.IPParameters=VirtualType,Mode,Direction,CalculateBaudRate
SPI4.Mode=SPI_MODE_MASTER
SPI4.VirtualType=VM_MASTER
SPI5.CalculateBaudRate=8.0 MBits/s
SPI5.Direction=SPI_DIRECTION_2LINES
SPI5.IPParameters=VirtualType,Mode,Direction,CalculateBaudRate
SPI5.Mode=SPI_MODE_MASTER
SPI5.VirtualType=VM_MASTER
TIM2.Channel-PWM\ Generation3\ CH3=TIM_CHANNEL_3
TIM2.IPParameters=Channel-PWM Generation3 CH3
UART8.IPParameters=VirtualMode
UART8.VirtualMode=Asynchronous
USART3.IPParameters=VirtualMode
USART3.VirtualMode=VM_ASYNC
USART6.IPParameters=VirtualMode
USART6.VirtualMode=VM_ASYNC
USB_OTG_FS.IPParameters=VirtualMode
USB_OTG_FS.VirtualMode=Device_Only
VP_SYS_VS_tim6.Mode=TIM6
VP_SYS_VS_tim6.Signal=SYS_VS_tim6
board=custom
isbadioc=false
